
Microsoft Visual Studio Solution File, Format Version 10.00
# Visual Studio 2008
Project("{2150E333-8FDC-42A3-9474-1A3956D46DE8}") = "04Factory", "04Factory", "{F26D75FA-C20F-4C62-8353-4CDB9C349727}"
EndProject
Project("{8BC9CEB8-8B4A-11D0-8D11-00A0C91BC942}") = "01MyPizza", "04Factory\MyPizza\MyPizza.vcproj", "{CB7F8182-F081-493A-951E-951E19DB01CE}"
EndProject
Project("{2150E333-8FDC-42A3-9474-1A3956D46DE8}") = "05singleton", "05singleton", "{0FDEB2F4-2296-4015-97C0-31064C86A7B9}"
EndProject
Project("{8BC9CEB8-8B4A-11D0-8D11-00A0C91BC942}") = "singleton02", "05singleton\singleton2\singleton02.vcproj", "{3BAD04E0-63A2-4E6A-AE18-5681C585361C}"
EndProject
Project("{8BC9CEB8-8B4A-11D0-8D11-00A0C91BC942}") = "singleton", "05singleton\singleton\singleton.vcproj", "{1B151364-393B-45E3-B706-B794E763E4EA}"
EndProject
Project("{2150E333-8FDC-42A3-9474-1A3956D46DE8}") = "02Observer", "02Observer", "{25483DBE-1496-4DDC-A6A1-5C396A20ABE9}"
EndProject
Project("{8BC9CEB8-8B4A-11D0-8D11-00A0C91BC942}") = "weather", "02observer\weather\weather.vcproj", "{78487503-90AD-40C5-8D01-8B59633854EF}"
EndProject
Project("{8BC9CEB8-8B4A-11D0-8D11-00A0C91BC942}") = "02PizzaStore", "04Factory\02PizzaStore\02PizzaStore.vcproj", "{988F82CD-9F2F-4909-8BA7-6729A6EEEE8A}"
EndProject
Project("{2150E333-8FDC-42A3-9474-1A3956D46DE8}") = "06command", "06command", "{F0626884-642B-43A0-B37E-97C9B41485DB}"
EndProject
Project("{2150E333-8FDC-42A3-9474-1A3956D46DE8}") = "03Decorate", "03Decorate", "{0DEBC19F-73A3-470B-ABE4-19DBB5817C8B}"
EndProject
Project("{2150E333-8FDC-42A3-9474-1A3956D46DE8}") = "07Adapter", "07Adapter", "{E9D27E7F-238B-45F4-B2FA-D29C188E757B}"
EndProject
Project("{8BC9CEB8-8B4A-11D0-8D11-00A0C91BC942}") = "01ClassAdapter", "07Adapter\ClassAdapter\ClassAdapter.vcproj", "{4152D621-120F-4954-81D7-9BB76017B9D5}"
EndProject
Project("{8BC9CEB8-8B4A-11D0-8D11-00A0C91BC942}") = "01TurkeyAdapter", "07Adapter\TurkeyAdapter\TurkeyAdapter.vcproj", "{AE625A4A-8DCE-4DA5-88A5-3311030D6819}"
EndProject
Project("{8BC9CEB8-8B4A-11D0-8D11-00A0C91BC942}") = "RemoteControl", "06Command\RemoteControl\RemoteControl.vcproj", "{F5318091-F330-40DB-8021-32324525EBCD}"
EndProject
Project("{8BC9CEB8-8B4A-11D0-8D11-00A0C91BC942}") = "SimpleRemoteControl", "06Command\RemoteControlCommand\RemoteControlCommand.vcproj", "{419A9FFD-90C0-42DA-B207-4830790EF402}"
EndProject
Project("{8BC9CEB8-8B4A-11D0-8D11-00A0C91BC942}") = "StarbuzzCoffee", "03Decorate\StarbuzzCoffee\StarbuzzCoffee.vcproj", "{7FB84F90-E133-4C60-A071-5FA1A4D53294}"
EndProject
Project("{8BC9CEB8-8B4A-11D0-8D11-00A0C91BC942}") = "03IngredientFactory", "04Factory\03IngredientFactory\03IngredientFactory.vcproj", "{3C09C1EE-CDC1-414C-B38A-ECFA6D208AD0}"
EndProject
Project("{8BC9CEB8-8B4A-11D0-8D11-00A0C91BC942}") = "02FacadePattern", "07Adapter\02FacadePattern\02FacadePattern.vcproj", "{9E4B6C22-46DA-4CB1-8B5B-D6D023F74679}"
EndProject
Project("{2150E333-8FDC-42A3-9474-1A3956D46DE8}") = "01Strategy", "01Strategy", "{F4920DBE-A281-4026-A87B-6C61CA740D60}"
EndProject
Project("{8BC9CEB8-8B4A-11D0-8D11-00A0C91BC942}") = "Strategy", "01Strategy\Strategy\Strategy.vcproj", "{A264871A-9D35-4A75-955E-B7332956E38A}"
EndProject
Project("{2150E333-8FDC-42A3-9474-1A3956D46DE8}") = "08TemplateMethod", "08TemplateMethod", "{A4D40D81-9344-49FA-96D8-4AB5FD8A9578}"
EndProject
Project("{8BC9CEB8-8B4A-11D0-8D11-00A0C91BC942}") = "01CaffeineBeverage", "08TemplateMethod\CaffeineBeverage\CaffeineBeverage.vcproj", "{AF8F1B4E-794E-4F1B-AB93-BF121087F1A8}"
EndProject
Project("{2150E333-8FDC-42A3-9474-1A3956D46DE8}") = "09Iterator_Composite", "09Iterator_Composite", "{3A181637-E107-4821-9C1D-41E8D39176BB}"
EndProject
Project("{8BC9CEB8-8B4A-11D0-8D11-00A0C91BC942}") = "Iterator", "09Iterator_Composite\Iterator\Iterator.vcproj", "{B8F3E910-143E-49DE-9CCF-71027DE79314}"
EndProject
Project("{8BC9CEB8-8B4A-11D0-8D11-00A0C91BC942}") = "Component", "09Iterator_Composite\Component\Component.vcproj", "{511E0621-C927-4A35-B301-7EC43A38676E}"
EndProject
Project("{2150E333-8FDC-42A3-9474-1A3956D46DE8}") = "10State", "10State", "{27FDE9E5-EF6A-4DE6-9AC1-C34FF779447F}"
EndProject
Project("{8BC9CEB8-8B4A-11D0-8D11-00A0C91BC942}") = "GumballMachine", "10State\GumballMachine\GumballMachine.vcproj", "{581DFB51-B114-42B2-8C96-D35FC664B0B0}"
EndProject
Global
	GlobalSection(SolutionConfigurationPlatforms) = preSolution
		Debug|Win32 = Debug|Win32
		Release|Win32 = Release|Win32
	EndGlobalSection
	GlobalSection(ProjectConfigurationPlatforms) = postSolution
		{CB7F8182-F081-493A-951E-951E19DB01CE}.Debug|Win32.ActiveCfg = Debug|Win32
		{CB7F8182-F081-493A-951E-951E19DB01CE}.Debug|Win32.Build.0 = Debug|Win32
		{CB7F8182-F081-493A-951E-951E19DB01CE}.Release|Win32.ActiveCfg = Release|Win32
		{CB7F8182-F081-493A-951E-951E19DB01CE}.Release|Win32.Build.0 = Release|Win32
		{3BAD04E0-63A2-4E6A-AE18-5681C585361C}.Debug|Win32.ActiveCfg = Debug|Win32
		{3BAD04E0-63A2-4E6A-AE18-5681C585361C}.Debug|Win32.Build.0 = Debug|Win32
		{3BAD04E0-63A2-4E6A-AE18-5681C585361C}.Release|Win32.ActiveCfg = Release|Win32
		{3BAD04E0-63A2-4E6A-AE18-5681C585361C}.Release|Win32.Build.0 = Release|Win32
		{1B151364-393B-45E3-B706-B794E763E4EA}.Debug|Win32.ActiveCfg = Debug|Win32
		{1B151364-393B-45E3-B706-B794E763E4EA}.Debug|Win32.Build.0 = Debug|Win32
		{1B151364-393B-45E3-B706-B794E763E4EA}.Release|Win32.ActiveCfg = Release|Win32
		{1B151364-393B-45E3-B706-B794E763E4EA}.Release|Win32.Build.0 = Release|Win32
		{78487503-90AD-40C5-8D01-8B59633854EF}.Debug|Win32.ActiveCfg = Debug|Win32
		{78487503-90AD-40C5-8D01-8B59633854EF}.Debug|Win32.Build.0 = Debug|Win32
		{78487503-90AD-40C5-8D01-8B59633854EF}.Release|Win32.ActiveCfg = Release|Win32
		{78487503-90AD-40C5-8D01-8B59633854EF}.Release|Win32.Build.0 = Release|Win32
		{988F82CD-9F2F-4909-8BA7-6729A6EEEE8A}.Debug|Win32.ActiveCfg = Debug|Win32
		{988F82CD-9F2F-4909-8BA7-6729A6EEEE8A}.Debug|Win32.Build.0 = Debug|Win32
		{988F82CD-9F2F-4909-8BA7-6729A6EEEE8A}.Release|Win32.ActiveCfg = Release|Win32
		{988F82CD-9F2F-4909-8BA7-6729A6EEEE8A}.Release|Win32.Build.0 = Release|Win32
		{4152D621-120F-4954-81D7-9BB76017B9D5}.Debug|Win32.ActiveCfg = Debug|Win32
		{4152D621-120F-4954-81D7-9BB76017B9D5}.Debug|Win32.Build.0 = Debug|Win32
		{4152D621-120F-4954-81D7-9BB76017B9D5}.Release|Win32.ActiveCfg = Release|Win32
		{4152D621-120F-4954-81D7-9BB76017B9D5}.Release|Win32.Build.0 = Release|Win32
		{AE625A4A-8DCE-4DA5-88A5-3311030D6819}.Debug|Win32.ActiveCfg = Debug|Win32
		{AE625A4A-8DCE-4DA5-88A5-3311030D6819}.Debug|Win32.Build.0 = Debug|Win32
		{AE625A4A-8DCE-4DA5-88A5-3311030D6819}.Release|Win32.ActiveCfg = Release|Win32
		{AE625A4A-8DCE-4DA5-88A5-3311030D6819}.Release|Win32.Build.0 = Release|Win32
		{F5318091-F330-40DB-8021-32324525EBCD}.Debug|Win32.ActiveCfg = Debug|Win32
		{F5318091-F330-40DB-8021-32324525EBCD}.Debug|Win32.Build.0 = Debug|Win32
		{F5318091-F330-40DB-8021-32324525EBCD}.Release|Win32.ActiveCfg = Release|Win32
		{F5318091-F330-40DB-8021-32324525EBCD}.Release|Win32.Build.0 = Release|Win32
		{419A9FFD-90C0-42DA-B207-4830790EF402}.Debug|Win32.ActiveCfg = Debug|Win32
		{419A9FFD-90C0-42DA-B207-4830790EF402}.Debug|Win32.Build.0 = Debug|Win32
		{419A9FFD-90C0-42DA-B207-4830790EF402}.Release|Win32.ActiveCfg = Release|Win32
		{419A9FFD-90C0-42DA-B207-4830790EF402}.Release|Win32.Build.0 = Release|Win32
		{7FB84F90-E133-4C60-A071-5FA1A4D53294}.Debug|Win32.ActiveCfg = Debug|Win32
		{7FB84F90-E133-4C60-A071-5FA1A4D53294}.Debug|Win32.Build.0 = Debug|Win32
		{7FB84F90-E133-4C60-A071-5FA1A4D53294}.Release|Win32.ActiveCfg = Release|Win32
		{7FB84F90-E133-4C60-A071-5FA1A4D53294}.Release|Win32.Build.0 = Release|Win32
		{3C09C1EE-CDC1-414C-B38A-ECFA6D208AD0}.Debug|Win32.ActiveCfg = Debug|Win32
		{3C09C1EE-CDC1-414C-B38A-ECFA6D208AD0}.Debug|Win32.Build.0 = Debug|Win32
		{3C09C1EE-CDC1-414C-B38A-ECFA6D208AD0}.Release|Win32.ActiveCfg = Release|Win32
		{3C09C1EE-CDC1-414C-B38A-ECFA6D208AD0}.Release|Win32.Build.0 = Release|Win32
		{9E4B6C22-46DA-4CB1-8B5B-D6D023F74679}.Debug|Win32.ActiveCfg = Debug|Win32
		{9E4B6C22-46DA-4CB1-8B5B-D6D023F74679}.Debug|Win32.Build.0 = Debug|Win32
		{9E4B6C22-46DA-4CB1-8B5B-D6D023F74679}.Release|Win32.ActiveCfg = Release|Win32
		{9E4B6C22-46DA-4CB1-8B5B-D6D023F74679}.Release|Win32.Build.0 = Release|Win32
		{A264871A-9D35-4A75-955E-B7332956E38A}.Debug|Win32.ActiveCfg = Debug|Win32
		{A264871A-9D35-4A75-955E-B7332956E38A}.Debug|Win32.Build.0 = Debug|Win32
		{A264871A-9D35-4A75-955E-B7332956E38A}.Release|Win32.ActiveCfg = Release|Win32
		{A264871A-9D35-4A75-955E-B7332956E38A}.Release|Win32.Build.0 = Release|Win32
		{AF8F1B4E-794E-4F1B-AB93-BF121087F1A8}.Debug|Win32.ActiveCfg = Debug|Win32
		{AF8F1B4E-794E-4F1B-AB93-BF121087F1A8}.Debug|Win32.Build.0 = Debug|Win32
		{AF8F1B4E-794E-4F1B-AB93-BF121087F1A8}.Release|Win32.ActiveCfg = Release|Win32
		{AF8F1B4E-794E-4F1B-AB93-BF121087F1A8}.Release|Win32.Build.0 = Release|Win32
		{B8F3E910-143E-49DE-9CCF-71027DE79314}.Debug|Win32.ActiveCfg = Debug|Win32
		{B8F3E910-143E-49DE-9CCF-71027DE79314}.Debug|Win32.Build.0 = Debug|Win32
		{B8F3E910-143E-49DE-9CCF-71027DE79314}.Release|Win32.ActiveCfg = Release|Win32
		{B8F3E910-143E-49DE-9CCF-71027DE79314}.Release|Win32.Build.0 = Release|Win32
		{511E0621-C927-4A35-B301-7EC43A38676E}.Debug|Win32.ActiveCfg = Debug|Win32
		{511E0621-C927-4A35-B301-7EC43A38676E}.Debug|Win32.Build.0 = Debug|Win32
		{511E0621-C927-4A35-B301-7EC43A38676E}.Release|Win32.ActiveCfg = Release|Win32
		{511E0621-C927-4A35-B301-7EC43A38676E}.Release|Win32.Build.0 = Release|Win32
		{581DFB51-B114-42B2-8C96-D35FC664B0B0}.Debug|Win32.ActiveCfg = Debug|Win32
		{581DFB51-B114-42B2-8C96-D35FC664B0B0}.Debug|Win32.Build.0 = Debug|Win32
		{581DFB51-B114-42B2-8C96-D35FC664B0B0}.Release|Win32.ActiveCfg = Release|Win32
		{581DFB51-B114-42B2-8C96-D35FC664B0B0}.Release|Win32.Build.0 = Release|Win32
	EndGlobalSection
	GlobalSection(SolutionProperties) = preSolution
		HideSolutionNode = FALSE
	EndGlobalSection
	GlobalSection(NestedProjects) = preSolution
		{CB7F8182-F081-493A-951E-951E19DB01CE} = {F26D75FA-C20F-4C62-8353-4CDB9C349727}
		{988F82CD-9F2F-4909-8BA7-6729A6EEEE8A} = {F26D75FA-C20F-4C62-8353-4CDB9C349727}
		{3C09C1EE-CDC1-414C-B38A-ECFA6D208AD0} = {F26D75FA-C20F-4C62-8353-4CDB9C349727}
		{3BAD04E0-63A2-4E6A-AE18-5681C585361C} = {0FDEB2F4-2296-4015-97C0-31064C86A7B9}
		{1B151364-393B-45E3-B706-B794E763E4EA} = {0FDEB2F4-2296-4015-97C0-31064C86A7B9}
		{78487503-90AD-40C5-8D01-8B59633854EF} = {25483DBE-1496-4DDC-A6A1-5C396A20ABE9}
		{F5318091-F330-40DB-8021-32324525EBCD} = {F0626884-642B-43A0-B37E-97C9B41485DB}
		{419A9FFD-90C0-42DA-B207-4830790EF402} = {F0626884-642B-43A0-B37E-97C9B41485DB}
		{7FB84F90-E133-4C60-A071-5FA1A4D53294} = {0DEBC19F-73A3-470B-ABE4-19DBB5817C8B}
		{4152D621-120F-4954-81D7-9BB76017B9D5} = {E9D27E7F-238B-45F4-B2FA-D29C188E757B}
		{AE625A4A-8DCE-4DA5-88A5-3311030D6819} = {E9D27E7F-238B-45F4-B2FA-D29C188E757B}
		{9E4B6C22-46DA-4CB1-8B5B-D6D023F74679} = {E9D27E7F-238B-45F4-B2FA-D29C188E757B}
		{A264871A-9D35-4A75-955E-B7332956E38A} = {F4920DBE-A281-4026-A87B-6C61CA740D60}
		{AF8F1B4E-794E-4F1B-AB93-BF121087F1A8} = {A4D40D81-9344-49FA-96D8-4AB5FD8A9578}
		{B8F3E910-143E-49DE-9CCF-71027DE79314} = {3A181637-E107-4821-9C1D-41E8D39176BB}
		{511E0621-C927-4A35-B301-7EC43A38676E} = {3A181637-E107-4821-9C1D-41E8D39176BB}
		{581DFB51-B114-42B2-8C96-D35FC664B0B0} = {27FDE9E5-EF6A-4DE6-9AC1-C34FF779447F}
	EndGlobalSection
EndGlobal
